
Microsoft Visual Studio Solution File, Format Version 12.00
Project("{2150E333-8FDC-42A3-9474-1A3956D46DE8}") = "Server", "Server", "{D52D4443-0D73-4CC0-82C5-5558B9E0E98A}"
EndProject
Project("{FAE04EC0-301F-11D3-BF4B-00C04F79EFBC}") = "Entities", "Entities\Entities.csproj", "{583DCEC7-5F4E-4A7C-9511-454E6EB1D240}"
EndProject
Project("{FAE04EC0-301F-11D3-BF4B-00C04F79EFBC}") = "RepositoryContracts", "RepositoryContracts\RepositoryContracts.csproj", "{72C6A552-7FD3-441D-B484-E51581E662EB}"
EndProject
Project("{FAE04EC0-301F-11D3-BF4B-00C04F79EFBC}") = "InMemoryRepositories", "InMemoryRepositories\InMemoryRepositories.csproj", "{253740D1-6940-409C-BA45-47D39DF3588A}"
EndProject
Project("{FAE04EC0-301F-11D3-BF4B-00C04F79EFBC}") = "CLI", "CLI\CLI.csproj", "{DA95E11C-7644-4BCC-86FA-683185A54B94}"
EndProject
Project("{FAE04EC0-301F-11D3-BF4B-00C04F79EFBC}") = "FileRepositories", "FileRepositories\FileRepositories.csproj", "{C407D8BC-C206-4609-AB07-AF1847AA6351}"
EndProject
Global
	GlobalSection(SolutionConfigurationPlatforms) = preSolution
		Debug|Any CPU = Debug|Any CPU
		Release|Any CPU = Release|Any CPU
	EndGlobalSection
	GlobalSection(NestedProjects) = preSolution
		{583DCEC7-5F4E-4A7C-9511-454E6EB1D240} = {D52D4443-0D73-4CC0-82C5-5558B9E0E98A}
		{72C6A552-7FD3-441D-B484-E51581E662EB} = {D52D4443-0D73-4CC0-82C5-5558B9E0E98A}
		{253740D1-6940-409C-BA45-47D39DF3588A} = {D52D4443-0D73-4CC0-82C5-5558B9E0E98A}
		{DA95E11C-7644-4BCC-86FA-683185A54B94} = {D52D4443-0D73-4CC0-82C5-5558B9E0E98A}
		{C407D8BC-C206-4609-AB07-AF1847AA6351} = {D52D4443-0D73-4CC0-82C5-5558B9E0E98A}
	EndGlobalSection
	GlobalSection(ProjectConfigurationPlatforms) = postSolution
		{583DCEC7-5F4E-4A7C-9511-454E6EB1D240}.Debug|Any CPU.ActiveCfg = Debug|Any CPU
		{583DCEC7-5F4E-4A7C-9511-454E6EB1D240}.Debug|Any CPU.Build.0 = Debug|Any CPU
		{583DCEC7-5F4E-4A7C-9511-454E6EB1D240}.Release|Any CPU.ActiveCfg = Release|Any CPU
		{583DCEC7-5F4E-4A7C-9511-454E6EB1D240}.Release|Any CPU.Build.0 = Release|Any CPU
		{72C6A552-7FD3-441D-B484-E51581E662EB}.Debug|Any CPU.ActiveCfg = Debug|Any CPU
		{72C6A552-7FD3-441D-B484-E51581E662EB}.Debug|Any CPU.Build.0 = Debug|Any CPU
		{72C6A552-7FD3-441D-B484-E51581E662EB}.Release|Any CPU.ActiveCfg = Release|Any CPU
		{72C6A552-7FD3-441D-B484-E51581E662EB}.Release|Any CPU.Build.0 = Release|Any CPU
		{253740D1-6940-409C-BA45-47D39DF3588A}.Debug|Any CPU.ActiveCfg = Debug|Any CPU
		{253740D1-6940-409C-BA45-47D39DF3588A}.Debug|Any CPU.Build.0 = Debug|Any CPU
		{253740D1-6940-409C-BA45-47D39DF3588A}.Release|Any CPU.ActiveCfg = Release|Any CPU
		{253740D1-6940-409C-BA45-47D39DF3588A}.Release|Any CPU.Build.0 = Release|Any CPU
		{DA95E11C-7644-4BCC-86FA-683185A54B94}.Debug|Any CPU.ActiveCfg = Debug|Any CPU
		{DA95E11C-7644-4BCC-86FA-683185A54B94}.Debug|Any CPU.Build.0 = Debug|Any CPU
		{DA95E11C-7644-4BCC-86FA-683185A54B94}.Release|Any CPU.ActiveCfg = Release|Any CPU
		{DA95E11C-7644-4BCC-86FA-683185A54B94}.Release|Any CPU.Build.0 = Release|Any CPU
		{C407D8BC-C206-4609-AB07-AF1847AA6351}.Debug|Any CPU.ActiveCfg = Debug|Any CPU
		{C407D8BC-C206-4609-AB07-AF1847AA6351}.Debug|Any CPU.Build.0 = Debug|Any CPU
		{C407D8BC-C206-4609-AB07-AF1847AA6351}.Release|Any CPU.ActiveCfg = Release|Any CPU
		{C407D8BC-C206-4609-AB07-AF1847AA6351}.Release|Any CPU.Build.0 = Release|Any CPU
	EndGlobalSection
EndGlobal
